
Microsoft Visual Studio Solution File, Format Version 12.00
# Visual Studio Version 17
VisualStudioVersion = 17.5.33414.496
MinimumVisualStudioVersion = 10.0.40219.1
Project("{FAE04EC0-301F-11D3-BF4B-00C04F79EFBC}") = "CSV-AWSIngestionPipeline", "CSV-AWSIngestionPipeline\CSV-AWSIngestionPipeline.csproj", "{4F393B0E-8B86-4908-B919-32B2EFB58E48}"
EndProject
Global
	GlobalSection(SolutionConfigurationPlatforms) = preSolution
		Debug|Any CPU = Debug|Any CPU
		Release|Any CPU = Release|Any CPU
	EndGlobalSection
	GlobalSection(ProjectConfigurationPlatforms) = postSolution
		{4F393B0E-8B86-4908-B919-32B2EFB58E48}.Debug|Any CPU.ActiveCfg = Debug|Any CPU
		{4F393B0E-8B86-4908-B919-32B2EFB58E48}.Debug|Any CPU.Build.0 = Debug|Any CPU
		{4F393B0E-8B86-4908-B919-32B2EFB58E48}.Release|Any CPU.ActiveCfg = Release|Any CPU
		{4F393B0E-8B86-4908-B919-32B2EFB58E48}.Release|Any CPU.Build.0 = Release|Any CPU
	EndGlobalSection
	GlobalSection(SolutionProperties) = preSolution
		HideSolutionNode = FALSE
	EndGlobalSection
	GlobalSection(ExtensibilityGlobals) = postSolution
		SolutionGuid = {6600E0EF-AFCC-41C2-B471-627465A26A97}
	EndGlobalSection
EndGlobal
